// !$*UTF8*$!
{
	archiveVersion = 1;
	classes = {
	};
	objectVersion = 56;
	objects = {

/* Begin PBXBuildFile section */
		81AB644629B0FAC100D11100 /* MusicByLocationApp.swift in Sources */ = {isa = PBXBuildFile; fileRef = 81AB644529B0FAC100D11100 /* MusicByLocationApp.swift */; };
		81AB644829B0FAC100D11100 /* ContentView.swift in Sources */ = {isa = PBXBuildFile; fileRef = 81AB644729B0FAC100D11100 /* ContentView.swift */; };
		81AB644A29B0FAC400D11100 /* Assets.xcassets in Resources */ = {isa = PBXBuildFile; fileRef = 81AB644929B0FAC400D11100 /* Assets.xcassets */; };
		81AB644D29B0FAC400D11100 /* Preview Assets.xcassets in Resources */ = {isa = PBXBuildFile; fileRef = 81AB644C29B0FAC400D11100 /* Preview Assets.xcassets */; };
		81AB645729B0FAC500D11100 /* MusicByLocationTests.swift in Sources */ = {isa = PBXBuildFile; fileRef = 81AB645629B0FAC500D11100 /* MusicByLocationTests.swift */; };
		81AB646129B0FAC500D11100 /* MusicByLocationUITests.swift in Sources */ = {isa = PBXBuildFile; fileRef = 81AB646029B0FAC500D11100 /* MusicByLocationUITests.swift */; };
		81AB646329B0FAC500D11100 /* MusicByLocationUITestsLaunchTests.swift in Sources */ = {isa = PBXBuildFile; fileRef = 81AB646229B0FAC500D11100 /* MusicByLocationUITestsLaunchTests.swift */; };
		81AB647029B0FBE800D11100 /* LocationHandler.swift in Sources */ = {isa = PBXBuildFile; fileRef = 81AB646F29B0FBE800D11100 /* LocationHandler.swift */; };
		81F5933D29B2765B00EEE266 /* CLPlacemark.swift in Sources */ = {isa = PBXBuildFile; fileRef = 81F5933C29B2765B00EEE266 /* CLPlacemark.swift */; };
		81F5933F29B27DCC00EEE266 /* StateController.swift in Sources */ = {isa = PBXBuildFile; fileRef = 81F5933E29B27DCC00EEE266 /* StateController.swift */; };
		81F5934229B2A21A00EEE266 /* ArtistResponse.swift in Sources */ = {isa = PBXBuildFile; fileRef = 81F5934129B2A21A00EEE266 /* ArtistResponse.swift */; };
		81F5934429B2A25B00EEE266 /* Artist.swift in Sources */ = {isa = PBXBuildFile; fileRef = 81F5934329B2A25B00EEE266 /* Artist.swift */; };
/* End PBXBuildFile section */

/* Begin PBXContainerItemProxy section */
		81AB645329B0FAC500D11100 /* PBXContainerItemProxy */ = {
			isa = PBXContainerItemProxy;
			containerPortal = 81AB643A29B0FAC100D11100 /* Project object */;
			proxyType = 1;
			remoteGlobalIDString = 81AB644129B0FAC100D11100;
			remoteInfo = MusicByLocation;
		};
		81AB645D29B0FAC500D11100 /* PBXContainerItemProxy */ = {
			isa = PBXContainerItemProxy;
			containerPortal = 81AB643A29B0FAC100D11100 /* Project object */;
			proxyType = 1;
			remoteGlobalIDString = 81AB644129B0FAC100D11100;
			remoteInfo = MusicByLocation;
		};
/* End PBXContainerItemProxy section */

/* Begin PBXFileReference section */
		81AB644229B0FAC100D11100 /* MusicByLocation.app */ = {isa = PBXFileReference; explicitFileType = wrapper.application; includeInIndex = 0; path = MusicByLocation.app; sourceTree = BUILT_PRODUCTS_DIR; };
		81AB644529B0FAC100D11100 /* MusicByLocationApp.swift */ = {isa = PBXFileReference; lastKnownFileType = sourcecode.swift; path = MusicByLocationApp.swift; sourceTree = "<group>"; };
		81AB644729B0FAC100D11100 /* ContentView.swift */ = {isa = PBXFileReference; lastKnownFileType = sourcecode.swift; path = ContentView.swift; sourceTree = "<group>"; };
		81AB644929B0FAC400D11100 /* Assets.xcassets */ = {isa = PBXFileReference; lastKnownFileType = folder.assetcatalog; path = Assets.xcassets; sourceTree = "<group>"; };
		81AB644C29B0FAC400D11100 /* Preview Assets.xcassets */ = {isa = PBXFileReference; lastKnownFileType = folder.assetcatalog; path = "Preview Assets.xcassets"; sourceTree = "<group>"; };
		81AB645229B0FAC500D11100 /* MusicByLocationTests.xctest */ = {isa = PBXFileReference; explicitFileType = wrapper.cfbundle; includeInIndex = 0; path = MusicByLocationTests.xctest; sourceTree = BUILT_PRODUCTS_DIR; };
		81AB645629B0FAC500D11100 /* MusicByLocationTests.swift */ = {isa = PBXFileReference; lastKnownFileType = sourcecode.swift; path = MusicByLocationTests.swift; sourceTree = "<group>"; };
		81AB645C29B0FAC500D11100 /* MusicByLocationUITests.xctest */ = {isa = PBXFileReference; explicitFileType = wrapper.cfbundle; includeInIndex = 0; path = MusicByLocationUITests.xctest; sourceTree = BUILT_PRODUCTS_DIR; };
		81AB646029B0FAC500D11100 /* MusicByLocationUITests.swift */ = {isa = PBXFileReference; lastKnownFileType = sourcecode.swift; path = MusicByLocationUITests.swift; sourceTree = "<group>"; };
		81AB646229B0FAC500D11100 /* MusicByLocationUITestsLaunchTests.swift */ = {isa = PBXFileReference; lastKnownFileType = sourcecode.swift; path = MusicByLocationUITestsLaunchTests.swift; sourceTree = "<group>"; };
		81AB646F29B0FBE800D11100 /* LocationHandler.swift */ = {isa = PBXFileReference; lastKnownFileType = sourcecode.swift; path = LocationHandler.swift; sourceTree = "<group>"; };
		81F5933C29B2765B00EEE266 /* CLPlacemark.swift */ = {isa = PBXFileReference; lastKnownFileType = sourcecode.swift; path = CLPlacemark.swift; sourceTree = "<group>"; };
		81F5933E29B27DCC00EEE266 /* StateController.swift */ = {isa = PBXFileReference; lastKnownFileType = sourcecode.swift; path = StateController.swift; sourceTree = "<group>"; };
		81F5934129B2A21A00EEE266 /* ArtistResponse.swift */ = {isa = PBXFileReference; lastKnownFileType = sourcecode.swift; path = ArtistResponse.swift; sourceTree = "<group>"; };
		81F5934329B2A25B00EEE266 /* Artist.swift */ = {isa = PBXFileReference; lastKnownFileType = sourcecode.swift; path = Artist.swift; sourceTree = "<group>"; };
		81F5934529B2B7E500EEE266 /* Info.plist */ = {isa = PBXFileReference; lastKnownFileType = text.plist; path = Info.plist; sourceTree = "<group>"; };
/* End PBXFileReference section */

/* Begin PBXFrameworksBuildPhase section */
		81AB643F29B0FAC100D11100 /* Frameworks */ = {
			isa = PBXFrameworksBuildPhase;
			buildActionMask = 2147483647;
			files = (
			);
			runOnlyForDeploymentPostprocessing = 0;
		};
		81AB644F29B0FAC500D11100 /* Frameworks */ = {
			isa = PBXFrameworksBuildPhase;
			buildActionMask = 2147483647;
			files = (
			);
			runOnlyForDeploymentPostprocessing = 0;
		};
		81AB645929B0FAC500D11100 /* Frameworks */ = {
			isa = PBXFrameworksBuildPhase;
			buildActionMask = 2147483647;
			files = (
			);
			runOnlyForDeploymentPostprocessing = 0;
		};
/* End PBXFrameworksBuildPhase section */

/* Begin PBXGroup section */
		81AB643929B0FAC100D11100 = {
			isa = PBXGroup;
			children = (
				81AB644429B0FAC100D11100 /* MusicByLocation */,
				81AB645529B0FAC500D11100 /* MusicByLocationTests */,
				81AB645F29B0FAC500D11100 /* MusicByLocationUITests */,
				81AB644329B0FAC100D11100 /* Products */,
			);
			sourceTree = "<group>";
		};
		81AB644329B0FAC100D11100 /* Products */ = {
			isa = PBXGroup;
			children = (
				81AB644229B0FAC100D11100 /* MusicByLocation.app */,
				81AB645229B0FAC500D11100 /* MusicByLocationTests.xctest */,
				81AB645C29B0FAC500D11100 /* MusicByLocationUITests.xctest */,
			);
			name = Products;
			sourceTree = "<group>";
		};
		81AB644429B0FAC100D11100 /* MusicByLocation */ = {
			isa = PBXGroup;
			children = (
				81F5934529B2B7E500EEE266 /* Info.plist */,
				81F5934029B2A20000EEE266 /* Model */,
				81F5933B29B2763400EEE266 /* Extensions */,
				81AB644529B0FAC100D11100 /* MusicByLocationApp.swift */,
				81AB644729B0FAC100D11100 /* ContentView.swift */,
				81AB644929B0FAC400D11100 /* Assets.xcassets */,
				81AB644B29B0FAC400D11100 /* Preview Content */,
				81AB646F29B0FBE800D11100 /* LocationHandler.swift */,
				81F5933E29B27DCC00EEE266 /* StateController.swift */,
			);
			path = MusicByLocation;
			sourceTree = "<group>";
		};
		81AB644B29B0FAC400D11100 /* Preview Content */ = {
			isa = PBXGroup;
			children = (
				81AB644C29B0FAC400D11100 /* Preview Assets.xcassets */,
			);
			path = "Preview Content";
			sourceTree = "<group>";
		};
		81AB645529B0FAC500D11100 /* MusicByLocationTests */ = {
			isa = PBXGroup;
			children = (
				81AB645629B0FAC500D11100 /* MusicByLocationTests.swift */,
			);
			path = MusicByLocationTests;
			sourceTree = "<group>";
		};
		81AB645F29B0FAC500D11100 /* MusicByLocationUITests */ = {
			isa = PBXGroup;
			children = (
				81AB646029B0FAC500D11100 /* MusicByLocationUITests.swift */,
				81AB646229B0FAC500D11100 /* MusicByLocationUITestsLaunchTests.swift */,
			);
			path = MusicByLocationUITests;
			sourceTree = "<group>";
		};
		81F5933B29B2763400EEE266 /* Extensions */ = {
			isa = PBXGroup;
			children = (
				81F5933C29B2765B00EEE266 /* CLPlacemark.swift */,
			);
			path = Extensions;
			sourceTree = "<group>";
		};
		81F5934029B2A20000EEE266 /* Model */ = {
			isa = PBXGroup;
			children = (
				81F5934129B2A21A00EEE266 /* ArtistResponse.swift */,
				81F5934329B2A25B00EEE266 /* Artist.swift */,
			);
			path = Model;
			sourceTree = "<group>";
		};
/* End PBXGroup section */

/* Begin PBXNativeTarget section */
		81AB644129B0FAC100D11100 /* MusicByLocation */ = {
			isa = PBXNativeTarget;
			buildConfigurationList = 81AB646629B0FAC500D11100 /* Build configuration list for PBXNativeTarget "MusicByLocation" */;
			buildPhases = (
				81AB643E29B0FAC100D11100 /* Sources */,
				81AB643F29B0FAC100D11100 /* Frameworks */,
				81AB644029B0FAC100D11100 /* Resources */,
			);
			buildRules = (
			);
			dependencies = (
			);
			name = MusicByLocation;
			productName = MusicByLocation;
			productReference = 81AB644229B0FAC100D11100 /* MusicByLocation.app */;
			productType = "com.apple.product-type.application";
		};
		81AB645129B0FAC500D11100 /* MusicByLocationTests */ = {
			isa = PBXNativeTarget;
			buildConfigurationList = 81AB646929B0FAC500D11100 /* Build configuration list for PBXNativeTarget "MusicByLocationTests" */;
			buildPhases = (
				81AB644E29B0FAC500D11100 /* Sources */,
				81AB644F29B0FAC500D11100 /* Frameworks */,
				81AB645029B0FAC500D11100 /* Resources */,
			);
			buildRules = (
			);
			dependencies = (
				81AB645429B0FAC500D11100 /* PBXTargetDependency */,
			);
			name = MusicByLocationTests;
			productName = MusicByLocationTests;
			productReference = 81AB645229B0FAC500D11100 /* MusicByLocationTests.xctest */;
			productType = "com.apple.product-type.bundle.unit-test";
		};
		81AB645B29B0FAC500D11100 /* MusicByLocationUITests */ = {
			isa = PBXNativeTarget;
			buildConfigurationList = 81AB646C29B0FAC500D11100 /* Build configuration list for PBXNativeTarget "MusicByLocationUITests" */;
			buildPhases = (
				81AB645829B0FAC500D11100 /* Sources */,
				81AB645929B0FAC500D11100 /* Frameworks */,
				81AB645A29B0FAC500D11100 /* Resources */,
			);
			buildRules = (
			);
			dependencies = (
				81AB645E29B0FAC500D11100 /* PBXTargetDependency */,
			);
			name = MusicByLocationUITests;
			productName = MusicByLocationUITests;
			productReference = 81AB645C29B0FAC500D11100 /* MusicByLocationUITests.xctest */;
			productType = "com.apple.product-type.bundle.ui-testing";
		};
/* End PBXNativeTarget section */

/* Begin PBXProject section */
		81AB643A29B0FAC100D11100 /* Project object */ = {
			isa = PBXProject;
			attributes = {
				BuildIndependentTargetsInParallel = 1;
				LastSwiftUpdateCheck = 1420;
				LastUpgradeCheck = 1420;
				TargetAttributes = {
					81AB644129B0FAC100D11100 = {
						CreatedOnToolsVersion = 14.2;
					};
					81AB645129B0FAC500D11100 = {
						CreatedOnToolsVersion = 14.2;
						TestTargetID = 81AB644129B0FAC100D11100;
					};
					81AB645B29B0FAC500D11100 = {
						CreatedOnToolsVersion = 14.2;
						TestTargetID = 81AB644129B0FAC100D11100;
					};
				};
			};
			buildConfigurationList = 81AB643D29B0FAC100D11100 /* Build configuration list for PBXProject "MusicByLocation" */;
			compatibilityVersion = "Xcode 14.0";
			developmentRegion = en;
			hasScannedForEncodings = 0;
			knownRegions = (
				en,
				Base,
			);
			mainGroup = 81AB643929B0FAC100D11100;
			productRefGroup = 81AB644329B0FAC100D11100 /* Products */;
			projectDirPath = "";
			projectRoot = "";
			targets = (
				81AB644129B0FAC100D11100 /* MusicByLocation */,
				81AB645129B0FAC500D11100 /* MusicByLocationTests */,
				81AB645B29B0FAC500D11100 /* MusicByLocationUITests */,
			);
		};
/* End PBXProject section */

/* Begin PBXResourcesBuildPhase section */
		81AB644029B0FAC100D11100 /* Resources */ = {
			isa = PBXResourcesBuildPhase;
			buildActionMask = 2147483647;
			files = (
				81AB644D29B0FAC400D11100 /* Preview Assets.xcassets in Resources */,
				81AB644A29B0FAC400D11100 /* Assets.xcassets in Resources */,
			);
			runOnlyForDeploymentPostprocessing = 0;
		};
		81AB645029B0FAC500D11100 /* Resources */ = {
			isa = PBXResourcesBuildPhase;
			buildActionMask = 2147483647;
			files = (
			);
			runOnlyForDeploymentPostprocessing = 0;
		};
		81AB645A29B0FAC500D11100 /* Resources */ = {
			isa = PBXResourcesBuildPhase;
			buildActionMask = 2147483647;
			files = (
			);
			runOnlyForDeploymentPostprocessing = 0;
		};
/* End PBXResourcesBuildPhase section */

/* Begin PBXSourcesBuildPhase section */
		81AB643E29B0FAC100D11100 /* Sources */ = {
			isa = PBXSourcesBuildPhase;
			buildActionMask = 2147483647;
			files = (
				81AB647029B0FBE800D11100 /* LocationHandler.swift in Sources */,
				81AB644829B0FAC100D11100 /* ContentView.swift in Sources */,
				81AB644629B0FAC100D11100 /* MusicByLocationApp.swift in Sources */,
				81F5933D29B2765B00EEE266 /* CLPlacemark.swift in Sources */,
				81F5933F29B27DCC00EEE266 /* StateController.swift in Sources */,
				81F5934229B2A21A00EEE266 /* ArtistResponse.swift in Sources */,
				81F5934429B2A25B00EEE266 /* Artist.swift in Sources */,
			);
			runOnlyForDeploymentPostprocessing = 0;
		};
		81AB644E29B0FAC500D11100 /* Sources */ = {
			isa = PBXSourcesBuildPhase;
			buildActionMask = 2147483647;
			files = (
				81AB645729B0FAC500D11100 /* MusicByLocationTests.swift in Sources */,
			);
			runOnlyForDeploymentPostprocessing = 0;
		};
		81AB645829B0FAC500D11100 /* Sources */ = {
			isa = PBXSourcesBuildPhase;
			buildActionMask = 2147483647;
			files = (
				81AB646329B0FAC500D11100 /* MusicByLocationUITestsLaunchTests.swift in Sources */,
				81AB646129B0FAC500D11100 /* MusicByLocationUITests.swift in Sources */,
			);
			runOnlyForDeploymentPostprocessing = 0;
		};
/* End PBXSourcesBuildPhase section */

/* Begin PBXTargetDependency section */
		81AB645429B0FAC500D11100 /* PBXTargetDependency */ = {
			isa = PBXTargetDependency;
			target = 81AB644129B0FAC100D11100 /* MusicByLocation */;
			targetProxy = 81AB645329B0FAC500D11100 /* PBXContainerItemProxy */;
		};
		81AB645E29B0FAC500D11100 /* PBXTargetDependency */ = {
			isa = PBXTargetDependency;
			target = 81AB644129B0FAC100D11100 /* MusicByLocation */;
			targetProxy = 81AB645D29B0FAC500D11100 /* PBXContainerItemProxy */;
		};
/* End PBXTargetDependency section */

/* Begin XCBuildConfiguration section */
		81AB646429B0FAC500D11100 /* Debug */ = {
			isa = XCBuildConfiguration;
			buildSettings = {
				ALWAYS_SEARCH_USER_PATHS = NO;
				CLANG_ANALYZER_NONNULL = YES;
				CLANG_ANALYZER_NUMBER_OBJECT_CONVERSION = YES_AGGRESSIVE;
				CLANG_CXX_LANGUAGE_STANDARD = "gnu++20";
				CLANG_ENABLE_MODULES = YES;
				CLANG_ENABLE_OBJC_ARC = YES;
				CLANG_ENABLE_OBJC_WEAK = YES;
				CLANG_WARN_BLOCK_CAPTURE_AUTORELEASING = YES;
				CLANG_WARN_BOOL_CONVERSION = YES;
				CLANG_WARN_COMMA = YES;
				CLANG_WARN_CONSTANT_CONVERSION = YES;
				CLANG_WARN_DEPRECATED_OBJC_IMPLEMENTATIONS = YES;
				CLANG_WARN_DIRECT_OBJC_ISA_USAGE = YES_ERROR;
				CLANG_WARN_DOCUMENTATION_COMMENTS = YES;
				CLANG_WARN_EMPTY_BODY = YES;
				CLANG_WARN_ENUM_CONVERSION = YES;
				CLANG_WARN_INFINITE_RECURSION = YES;
				CLANG_WARN_INT_CONVERSION = YES;
				CLANG_WARN_NON_LITERAL_NULL_CONVERSION = YES;
				CLANG_WARN_OBJC_IMPLICIT_RETAIN_SELF = YES;
				CLANG_WARN_OBJC_LITERAL_CONVERSION = YES;
				CLANG_WARN_OBJC_ROOT_CLASS = YES_ERROR;
				CLANG_WARN_QUOTED_INCLUDE_IN_FRAMEWORK_HEADER = YES;
				CLANG_WARN_RANGE_LOOP_ANALYSIS = YES;
				CLANG_WARN_STRICT_PROTOTYPES = YES;
				CLANG_WARN_SUSPICIOUS_MOVE = YES;
				CLANG_WARN_UNGUARDED_AVAILABILITY = YES_AGGRESSIVE;
				CLANG_WARN_UNREACHABLE_CODE = YES;
				CLANG_WARN__DUPLICATE_METHOD_MATCH = YES;
				COPY_PHASE_STRIP = NO;
				DEBUG_INFORMATION_FORMAT = dwarf;
				ENABLE_STRICT_OBJC_MSGSEND = YES;
				ENABLE_TESTABILITY = YES;
				GCC_C_LANGUAGE_STANDARD = gnu11;
				GCC_DYNAMIC_NO_PIC = NO;
				GCC_NO_COMMON_BLOCKS = YES;
				GCC_OPTIMIZATION_LEVEL = 0;
				GCC_PREPROCESSOR_DEFINITIONS = (
					"DEBUG=1",
					"$(inherited)",
				);
				GCC_WARN_64_TO_32_BIT_CONVERSION = YES;
				GCC_WARN_ABOUT_RETURN_TYPE = YES_ERROR;
				GCC_WARN_UNDECLARED_SELECTOR = YES;
				GCC_WARN_UNINITIALIZED_AUTOS = YES_AGGRESSIVE;
				GCC_WARN_UNUSED_FUNCTION = YES;
				GCC_WARN_UNUSED_VARIABLE = YES;
				IPHONEOS_DEPLOYMENT_TARGET = 16.2;
				MTL_ENABLE_DEBUG_INFO = INCLUDE_SOURCE;
				MTL_FAST_MATH = YES;
				ONLY_ACTIVE_ARCH = YES;
				SDKROOT = iphoneos;
				SWIFT_ACTIVE_COMPILATION_CONDITIONS = DEBUG;
				SWIFT_OPTIMIZATION_LEVEL = "-Onone";
			};
			name = Debug;
		};
		81AB646529B0FAC500D11100 /* Release */ = {
			isa = XCBuildConfiguration;
			buildSettings = {
				ALWAYS_SEARCH_USER_PATHS = NO;
				CLANG_ANALYZER_NONNULL = YES;
				CLANG_ANALYZER_NUMBER_OBJECT_CONVERSION = YES_AGGRESSIVE;
				CLANG_CXX_LANGUAGE_STANDARD = "gnu++20";
				CLANG_ENABLE_MODULES = YES;
				CLANG_ENABLE_OBJC_ARC = YES;
				CLANG_ENABLE_OBJC_WEAK = YES;
				CLANG_WARN_BLOCK_CAPTURE_AUTORELEASING = YES;
				CLANG_WARN_BOOL_CONVERSION = YES;
				CLANG_WARN_COMMA = YES;
				CLANG_WARN_CONSTANT_CONVERSION = YES;
				CLANG_WARN_DEPRECATED_OBJC_IMPLEMENTATIONS = YES;
				CLANG_WARN_DIRECT_OBJC_ISA_USAGE = YES_ERROR;
				CLANG_WARN_DOCUMENTATION_COMMENTS = YES;
				CLANG_WARN_EMPTY_BODY = YES;
				CLANG_WARN_ENUM_CONVERSION = YES;
				CLANG_WARN_INFINITE_RECURSION = YES;
				CLANG_WARN_INT_CONVERSION = YES;
				CLANG_WARN_NON_LITERAL_NULL_CONVERSION = YES;
				CLANG_WARN_OBJC_IMPLICIT_RETAIN_SELF = YES;
				CLANG_WARN_OBJC_LITERAL_CONVERSION = YES;
				CLANG_WARN_OBJC_ROOT_CLASS = YES_ERROR;
				CLANG_WARN_QUOTED_INCLUDE_IN_FRAMEWORK_HEADER = YES;
				CLANG_WARN_RANGE_LOOP_ANALYSIS = YES;
				CLANG_WARN_STRICT_PROTOTYPES = YES;
				CLANG_WARN_SUSPICIOUS_MOVE = YES;
				CLANG_WARN_UNGUARDED_AVAILABILITY = YES_AGGRESSIVE;
				CLANG_WARN_UNREACHABLE_CODE = YES;
				CLANG_WARN__DUPLICATE_METHOD_MATCH = YES;
				COPY_PHASE_STRIP = NO;
				DEBUG_INFORMATION_FORMAT = "dwarf-with-dsym";
				ENABLE_NS_ASSERTIONS = NO;
				ENABLE_STRICT_OBJC_MSGSEND = YES;
				GCC_C_LANGUAGE_STANDARD = gnu11;
				GCC_NO_COMMON_BLOCKS = YES;
				GCC_WARN_64_TO_32_BIT_CONVERSION = YES;
				GCC_WARN_ABOUT_RETURN_TYPE = YES_ERROR;
				GCC_WARN_UNDECLARED_SELECTOR = YES;
				GCC_WARN_UNINITIALIZED_AUTOS = YES_AGGRESSIVE;
				GCC_WARN_UNUSED_FUNCTION = YES;
				GCC_WARN_UNUSED_VARIABLE = YES;
				IPHONEOS_DEPLOYMENT_TARGET = 16.2;
				MTL_ENABLE_DEBUG_INFO = NO;
				MTL_FAST_MATH = YES;
				SDKROOT = iphoneos;
				SWIFT_COMPILATION_MODE = wholemodule;
				SWIFT_OPTIMIZATION_LEVEL = "-O";
				VALIDATE_PRODUCT = YES;
			};
			name = Release;
		};
		81AB646729B0FAC500D11100 /* Debug */ = {
			isa = XCBuildConfiguration;
			buildSettings = {
				ASSETCATALOG_COMPILER_APPICON_NAME = AppIcon;
				ASSETCATALOG_COMPILER_GLOBAL_ACCENT_COLOR_NAME = AccentColor;
				CODE_SIGN_STYLE = Automatic;
				CURRENT_PROJECT_VERSION = 1;
				DEVELOPMENT_ASSET_PATHS = "\"MusicByLocation/Preview Content\"";
				ENABLE_PREVIEWS = YES;
				GENERATE_INFOPLIST_FILE = YES;
				INFOPLIST_FILE = MusicByLocation/Info.plist;
				INFOPLIST_KEY_NSLocationWhenInUseUsageDescription = "This app needs your location to find your favourite tunes";
				INFOPLIST_KEY_UIApplicationSupportsIndirectInputEvents = YES;
				INFOPLIST_KEY_UILaunchScreen_Generation = YES;
				INFOPLIST_KEY_UISupportedInterfaceOrientations_iPad = "UIInterfaceOrientationPortrait UIInterfaceOrientationPortraitUpsideDown UIInterfaceOrientationLandscapeLeft UIInterfaceOrientationLandscapeRight";
				INFOPLIST_KEY_UISupportedInterfaceOrientations_iPhone = "UIInterfaceOrientationPortrait UIInterfaceOrientationLandscapeLeft UIInterfaceOrientationLandscapeRight";
				LD_RUNPATH_SEARCH_PATHS = (
					"$(inherited)",
					"@executable_path/Frameworks",
				);
				MARKETING_VERSION = 1.0;
				PRODUCT_BUNDLE_IDENTIFIER = louis.MusicByLocation;
				PRODUCT_NAME = "$(TARGET_NAME)";
				SWIFT_EMIT_LOC_STRINGS = YES;
				SWIFT_VERSION = 5.0;
				TARGETED_DEVICE_FAMILY = "1,2";
			};
			name = Debug;
		};
		81AB646829B0FAC500D11100 /* Release */ = {
			isa = XCBuildConfiguration;
			buildSettings = {
				ASSETCATALOG_COMPILER_APPICON_NAME = AppIcon;
				ASSETCATALOG_COMPILER_GLOBAL_ACCENT_COLOR_NAME = AccentColor;
				CODE_SIGN_STYLE = Automatic;
				CURRENT_PROJECT_VERSION = 1;
				DEVELOPMENT_ASSET_PATHS = "\"MusicByLocation/Preview Content\"";
				ENABLE_PREVIEWS = YES;
				GENERATE_INFOPLIST_FILE = YES;
				INFOPLIST_FILE = MusicByLocation/Info.plist;
				INFOPLIST_KEY_NSLocationWhenInUseUsageDescription = "This app needs your location to find your favourite tunes";
				INFOPLIST_KEY_UIApplicationSupportsIndirectInputEvents = YES;
				INFOPLIST_KEY_UILaunchScreen_Generation = YES;
				INFOPLIST_KEY_UISupportedInterfaceOrientations_iPad = "UIInterfaceOrientationPortrait UIInterfaceOrientationPortraitUpsideDown UIInterfaceOrientationLandscapeLeft UIInterfaceOrientationLandscapeRight";
				INFOPLIST_KEY_UISupportedInterfaceOrientations_iPhone = "UIInterfaceOrientationPortrait UIInterfaceOrientationLandscapeLeft UIInterfaceOrientationLandscapeRight";
				LD_RUNPATH_SEARCH_PATHS = (
					"$(inherited)",
					"@executable_path/Frameworks",
				);
				MARKETING_VERSION = 1.0;
				PRODUCT_BUNDLE_IDENTIFIER = louis.MusicByLocation;
				PRODUCT_NAME = "$(TARGET_NAME)";
				SWIFT_EMIT_LOC_STRINGS = YES;
				SWIFT_VERSION = 5.0;
				TARGETED_DEVICE_FAMILY = "1,2";
			};
			name = Release;
		};
		81AB646A29B0FAC500D11100 /* Debug */ = {
			isa = XCBuildConfiguration;
			buildSettings = {
				ALWAYS_EMBED_SWIFT_STANDARD_LIBRARIES = YES;
				BUNDLE_LOADER = "$(TEST_HOST)";
				CODE_SIGN_STYLE = Automatic;
				CURRENT_PROJECT_VERSION = 1;
				GENERATE_INFOPLIST_FILE = YES;
				IPHONEOS_DEPLOYMENT_TARGET = 16.2;
				MARKETING_VERSION = 1.0;
				PRODUCT_BUNDLE_IDENTIFIER = louis.MusicByLocationTests;
				PRODUCT_NAME = "$(TARGET_NAME)";
				SWIFT_EMIT_LOC_STRINGS = NO;
				SWIFT_VERSION = 5.0;
				TARGETED_DEVICE_FAMILY = "1,2";
				TEST_HOST = "$(BUILT_PRODUCTS_DIR)/MusicByLocation.app/$(BUNDLE_EXECUTABLE_FOLDER_PATH)/MusicByLocation";
			};
			name = Debug;
		};
		81AB646B29B0FAC500D11100 /* Release */ = {
			isa = XCBuildConfiguration;
			buildSettings = {
				ALWAYS_EMBED_SWIFT_STANDARD_LIBRARIES = YES;
				BUNDLE_LOADER = "$(TEST_HOST)";
				CODE_SIGN_STYLE = Automatic;
				CURRENT_PROJECT_VERSION = 1;
				GENERATE_INFOPLIST_FILE = YES;
				IPHONEOS_DEPLOYMENT_TARGET = 16.2;
				MARKETING_VERSION = 1.0;
				PRODUCT_BUNDLE_IDENTIFIER = louis.MusicByLocationTests;
				PRODUCT_NAME = "$(TARGET_NAME)";
				SWIFT_EMIT_LOC_STRINGS = NO;
				SWIFT_VERSION = 5.0;
				TARGETED_DEVICE_FAMILY = "1,2";
				TEST_HOST = "$(BUILT_PRODUCTS_DIR)/MusicByLocation.app/$(BUNDLE_EXECUTABLE_FOLDER_PATH)/MusicByLocation";
			};
			name = Release;
		};
		81AB646D29B0FAC500D11100 /* Debug */ = {
			isa = XCBuildConfiguration;
			buildSettings = {
				ALWAYS_EMBED_SWIFT_STANDARD_LIBRARIES = YES;
				CODE_SIGN_STYLE = Automatic;
				CURRENT_PROJECT_VERSION = 1;
				GENERATE_INFOPLIST_FILE = YES;
				MARKETING_VERSION = 1.0;
				PRODUCT_BUNDLE_IDENTIFIER = louis.MusicByLocationUITests;
				PRODUCT_NAME = "$(TARGET_NAME)";
				SWIFT_EMIT_LOC_STRINGS = NO;
				SWIFT_VERSION = 5.0;
				TARGETED_DEVICE_FAMILY = "1,2";
				TEST_TARGET_NAME = MusicByLocation;
			};
			name = Debug;
		};
		81AB646E29B0FAC500D11100 /* Release */ = {
			isa = XCBuildConfiguration;
			buildSettings = {
				ALWAYS_EMBED_SWIFT_STANDARD_LIBRARIES = YES;
				CODE_SIGN_STYLE = Automatic;
				CURRENT_PROJECT_VERSION = 1;
				GENERATE_INFOPLIST_FILE = YES;
				MARKETING_VERSION = 1.0;
				PRODUCT_BUNDLE_IDENTIFIER = louis.MusicByLocationUITests;
				PRODUCT_NAME = "$(TARGET_NAME)";
				SWIFT_EMIT_LOC_STRINGS = NO;
				SWIFT_VERSION = 5.0;
				TARGETED_DEVICE_FAMILY = "1,2";
				TEST_TARGET_NAME = MusicByLocation;
			};
			name = Release;
		};
/* End XCBuildConfiguration section */

/* Begin XCConfigurationList section */
		81AB643D29B0FAC100D11100 /* Build configuration list for PBXProject "MusicByLocation" */ = {
			isa = XCConfigurationList;
			buildConfigurations = (
				81AB646429B0FAC500D11100 /* Debug */,
				81AB646529B0FAC500D11100 /* Release */,
			);
			defaultConfigurationIsVisible = 0;
			defaultConfigurationName = Release;
		};
		81AB646629B0FAC500D11100 /* Build configuration list for PBXNativeTarget "MusicByLocation" */ = {
			isa = XCConfigurationList;
			buildConfigurations = (
				81AB646729B0FAC500D11100 /* Debug */,
				81AB646829B0FAC500D11100 /* Release */,
			);
			defaultConfigurationIsVisible = 0;
			defaultConfigurationName = Release;
		};
		81AB646929B0FAC500D11100 /* Build configuration list for PBXNativeTarget "MusicByLocationTests" */ = {
			isa = XCConfigurationList;
			buildConfigurations = (
				81AB646A29B0FAC500D11100 /* Debug */,
				81AB646B29B0FAC500D11100 /* Release */,
			);
			defaultConfigurationIsVisible = 0;
			defaultConfigurationName = Release;
		};
		81AB646C29B0FAC500D11100 /* Build configuration list for PBXNativeTarget "MusicByLocationUITests" */ = {
			isa = XCConfigurationList;
			buildConfigurations = (
				81AB646D29B0FAC500D11100 /* Debug */,
				81AB646E29B0FAC500D11100 /* Release */,
			);
			defaultConfigurationIsVisible = 0;
			defaultConfigurationName = Release;
		};
/* End XCConfigurationList section */
	};
	rootObject = 81AB643A29B0FAC100D11100 /* Project object */;
}
